# THIS IS AN AUTOGENERATED FILE. DO NOT EDIT THIS FILE DIRECTLY.
# yarn lockfile v1


"@pusher/platform@^0.16.2":
  version "0.16.2"
  resolved "https://registry.yarnpkg.com/@pusher/platform/-/platform-0.16.2.tgz#d6493b171903dd42a9fcd650a90d352af5e344c2"
  integrity sha512-i8FHrurPFs2nmTDFHP1OMcFvtmZFGLUtOj46Ick/KOopTWnVv1FJkruMIV+wahP4mKl9e8XNzqe62HEXDh/n+A==
